Microsoft Visual Studio Solution File, Format Version 12.00
# Visual Studio Version 17
VisualStudioVersion = 17.11.35312.102
MinimumVisualStudioVersion = 10.0.40219.1
Project("{9A19103F-16F7-4668-BE54-9A1E7A4F7556}") = "DualSimplexMethod", "DualSimplexMethod\DualSimplexMethod.csproj", "{80E8F8C1-AA79-42F1-9B27-1E804F20FE43}"
EndProject
Project("{FAE04EC0-301F-11D3-BF4B-00C04F79EFBC}") = "Branch-and-bound Method", "Branch-and-bound Method\Branch-and-bound Method.csproj", "{555C2E0C-D1A0-4A69-9158-FEA1F7E9297F}"
EndProject
Project("{FAE04EC0-301F-11D3-BF4B-00C04F79EFBC}") = "ParallelTest", "ParallelTest\ParallelTest.csproj", "{A9977DEA-EA07-4883-8BA2-CFE11D5313AC}"
EndProject
Global
	GlobalSection(SolutionConfigurationPlatforms) = preSolution
		Debug|Any CPU = Debug|Any CPU
		Release|Any CPU = Release|Any CPU
	EndGlobalSection
	GlobalSection(ProjectConfigurationPlatforms) = postSolution
		{80E8F8C1-AA79-42F1-9B27-1E804F20FE43}.Debug|Any CPU.ActiveCfg = Debug|Any CPU
		{80E8F8C1-AA79-42F1-9B27-1E804F20FE43}.Debug|Any CPU.Build.0 = Debug|Any CPU
		{80E8F8C1-AA79-42F1-9B27-1E804F20FE43}.Release|Any CPU.ActiveCfg = Release|Any CPU
		{80E8F8C1-AA79-42F1-9B27-1E804F20FE43}.Release|Any CPU.Build.0 = Release|Any CPU
		{555C2E0C-D1A0-4A69-9158-FEA1F7E9297F}.Debug|Any CPU.ActiveCfg = Debug|Any CPU
		{555C2E0C-D1A0-4A69-9158-FEA1F7E9297F}.Debug|Any CPU.Build.0 = Debug|Any CPU
		{555C2E0C-D1A0-4A69-9158-FEA1F7E9297F}.Release|Any CPU.ActiveCfg = Release|Any CPU
		{555C2E0C-D1A0-4A69-9158-FEA1F7E9297F}.Release|Any CPU.Build.0 = Release|Any CPU
		{A9977DEA-EA07-4883-8BA2-CFE11D5313AC}.Debug|Any CPU.ActiveCfg = Debug|Any CPU
		{A9977DEA-EA07-4883-8BA2-CFE11D5313AC}.Debug|Any CPU.Build.0 = Debug|Any CPU
		{A9977DEA-EA07-4883-8BA2-CFE11D5313AC}.Release|Any CPU.ActiveCfg = Release|Any CPU
		{A9977DEA-EA07-4883-8BA2-CFE11D5313AC}.Release|Any CPU.Build.0 = Release|Any CPU
	EndGlobalSection
	GlobalSection(SolutionProperties) = preSolution
		HideSolutionNode = FALSE
	EndGlobalSection
	GlobalSection(ExtensibilityGlobals) = postSolution
		SolutionGuid = {45290D7F-D48D-44FA-AC03-B00C61BD2ABC}
	EndGlobalSection
EndGlobal
